{
  "object": {
    "pins": [
      {
        "package": "Alamofire",
        "repositoryURL": "https://github.com/Alamofire/Alamofire.git",
        "state": {
          "branch": "5.0.0",
          "revision": "0c8cb78d05b6d067ee331c05058ff4dedcb45ffa",
          "version": null
        }
      },
      {
        "package": "Commandant",
        "repositoryURL": "https://github.com/Carthage/Commandant.git",
        "state": {
          "branch": null,
          "revision": "ab68611013dec67413628ac87c1f29e8427bc8e4",
          "version": "0.17.0"
        }
      },
      {
        "package": "DeviceKit",
        "repositoryURL": "https://github.com/phimage/DeviceKit.git",
        "state": {
          "branch": "feature/macos",
          "revision": "ecdfbb1fe053507cc3eaeaa8d078e64180de1809",
          "version": null
        }
      },
      {
        "package": "FileKit",
        "repositoryURL": "https://github.com/nvzqz/FileKit.git",
        "state": {
          "branch": null,
          "revision": "826d9161b184509f80d85c28cd612d630646de98",
          "version": "6.0.0"
        }
      },
      {
        "package": "MomXML",
        "repositoryURL": "https://github.com/phimage/MomXML.git",
        "state": {
          "branch": "HEAD",
          "revision": "4b1268195512492dbcfdae2635c5356eafdae4eb",
          "version": null
        }
      },
      {
        "package": "Moya",
        "repositoryURL": "https://github.com/Moya/Moya.git",
        "state": {
          "branch": "14.0.0",
          "revision": "b3e5a233e0d85fd4d69f561c80988590859c7dee",
          "version": null
        }
      },
      {
        "package": "Nimble",
        "repositoryURL": "https://github.com/Quick/Nimble.git",
        "state": {
          "branch": null,
          "revision": "7a46a5fc86cb917f69e3daf79fcb045283d8f008",
          "version": "8.1.2"
        }
      },
      {
        "package": "Prephirences",
        "repositoryURL": "https://github.com/phimage/Prephirences.git",
        "state": {
          "branch": null,
          "revision": "81b4792293972ec7541a941333e584ccc7976198",
          "version": "5.1.0"
        }
      },
      {
        "package": "QMobileAPI",
        "repositoryURL": "https://gitlab-4d.private.4d.fr/qmobile/QMobileAPI.git",
        "state": {
          "branch": "HEAD",
          "revision": "c6c19bff03ddfcb368b3088614755a74eae0a7ab",
          "version": null
        }
      },
      {
        "package": "QMobileDataStore",
        "repositoryURL": "https://gitlab-4d.private.4d.fr/qmobile/QMobileDataStore.git",
        "state": {
          "branch": "HEAD",
          "revision": "da936688719a15ea6e419b6176ffeb996cfde560",
          "version": null
        }
      },
      {
        "package": "QMobileDataSync",
        "repositoryURL": "https://gitlab-4d.private.4d.fr/qmobile/QMobileDataSync.git",
        "state": {
          "branch": "HEAD",
          "revision": "52c9c3aa54859a2b76c43cb3e60b3c380ac3af23",
          "version": null
        }
      },
      {
        "package": "Quick",
        "repositoryURL": "https://github.com/Quick/Quick.git",
        "state": {
          "branch": null,
          "revision": "09b3becb37cb2163919a3842a4c5fa6ec7130792",
          "version": "2.2.1"
        }
      },
      {
        "package": "ReactiveSwift",
        "repositoryURL": "https://github.com/Moya/ReactiveSwift.git",
        "state": {
          "branch": null,
          "revision": "f195d82bb30e412e70446e2b4a77e1b514099e88",
          "version": "6.1.0"
        }
      },
      {
        "package": "RxSwift",
        "repositoryURL": "https://github.com/ReactiveX/RxSwift.git",
        "state": {
          "branch": null,
          "revision": "002d325b0bdee94e7882e1114af5ff4fe1e96afa",
          "version": "5.1.1"
        }
      },
      {
        "package": "SwiftyJSON",
        "repositoryURL": "https://github.com/SwiftyJSON/SwiftyJSON.git",
        "state": {
          "branch": null,
          "revision": "2b6054efa051565954e1d2b9da831680026cd768",
          "version": "5.0.0"
        }
      },
      {
        "package": "SWXMLHash",
        "repositoryURL": "https://github.com/drmohundro/SWXMLHash.git",
        "state": {
          "branch": "5.0.1",
          "revision": "a4931e5c3bafbedeb1601d3bb76bbe835c6d475a",
          "version": null
        }
      },
      {
        "package": "XCGLogger",
        "repositoryURL": "https://github.com/DaveWoodCom/XCGLogger.git",
        "state": {
          "branch": "7.0.0",
          "revision": "f0daefd2a472f0c8d3d12a4b0d45594195a6c74d",
          "version": null
        }
      }
    ]
  },
  "version": 1
}
